
Microsoft Visual Studio Solution File, Format Version 12.00
# Visual Studio Version 17
VisualStudioVersion = 17.12.35527.113
MinimumVisualStudioVersion = 10.0.40219.1
Project("{8BC9CEB8-8B4A-11D0-8D11-00A0C91BC942}") = "LicenseLib", "LicenseLib\LicenseLib.vcxproj", "{ECDAF1BC-E97A-470E-90D6-4ACB9B87254B}"
EndProject
Project("{FAE04EC0-301F-11D3-BF4B-00C04F79EFBC}") = "CrackMe_02", "App\CrackMe_02.csproj", "{B96BD92B-A502-4DA3-AE2D-C70D78246BBF}"
EndProject
Global
	GlobalSection(SolutionConfigurationPlatforms) = preSolution
		Debug|Any CPU = Debug|Any CPU
		Debug|x64 = Debug|x64
		Debug|x86 = Debug|x86
		Release|Any CPU = Release|Any CPU
		Release|x64 = Release|x64
		Release|x86 = Release|x86
	EndGlobalSection
	GlobalSection(ProjectConfigurationPlatforms) = postSolution
		{ECDAF1BC-E97A-470E-90D6-4ACB9B87254B}.Debug|Any CPU.ActiveCfg = Debug|x64
		{ECDAF1BC-E97A-470E-90D6-4ACB9B87254B}.Debug|Any CPU.Build.0 = Debug|x64
		{ECDAF1BC-E97A-470E-90D6-4ACB9B87254B}.Debug|x64.ActiveCfg = Debug|x64
		{ECDAF1BC-E97A-470E-90D6-4ACB9B87254B}.Debug|x64.Build.0 = Debug|x64
		{ECDAF1BC-E97A-470E-90D6-4ACB9B87254B}.Debug|x86.ActiveCfg = Debug|Win32
		{ECDAF1BC-E97A-470E-90D6-4ACB9B87254B}.Debug|x86.Build.0 = Debug|Win32
		{ECDAF1BC-E97A-470E-90D6-4ACB9B87254B}.Release|Any CPU.ActiveCfg = Release|x64
		{ECDAF1BC-E97A-470E-90D6-4ACB9B87254B}.Release|Any CPU.Build.0 = Release|x64
		{ECDAF1BC-E97A-470E-90D6-4ACB9B87254B}.Release|x64.ActiveCfg = Release|x64
		{ECDAF1BC-E97A-470E-90D6-4ACB9B87254B}.Release|x64.Build.0 = Release|x64
		{ECDAF1BC-E97A-470E-90D6-4ACB9B87254B}.Release|x86.ActiveCfg = Release|Win32
		{ECDAF1BC-E97A-470E-90D6-4ACB9B87254B}.Release|x86.Build.0 = Release|Win32
		{B96BD92B-A502-4DA3-AE2D-C70D78246BBF}.Debug|Any CPU.ActiveCfg = Debug|Any CPU
		{B96BD92B-A502-4DA3-AE2D-C70D78246BBF}.Debug|Any CPU.Build.0 = Debug|Any CPU
		{B96BD92B-A502-4DA3-AE2D-C70D78246BBF}.Debug|x64.ActiveCfg = Debug|Any CPU
		{B96BD92B-A502-4DA3-AE2D-C70D78246BBF}.Debug|x64.Build.0 = Debug|Any CPU
		{B96BD92B-A502-4DA3-AE2D-C70D78246BBF}.Debug|x86.ActiveCfg = Debug|Any CPU
		{B96BD92B-A502-4DA3-AE2D-C70D78246BBF}.Debug|x86.Build.0 = Debug|Any CPU
		{B96BD92B-A502-4DA3-AE2D-C70D78246BBF}.Release|Any CPU.ActiveCfg = Release|Any CPU
		{B96BD92B-A502-4DA3-AE2D-C70D78246BBF}.Release|Any CPU.Build.0 = Release|Any CPU
		{B96BD92B-A502-4DA3-AE2D-C70D78246BBF}.Release|x64.ActiveCfg = Release|Any CPU
		{B96BD92B-A502-4DA3-AE2D-C70D78246BBF}.Release|x64.Build.0 = Release|Any CPU
		{B96BD92B-A502-4DA3-AE2D-C70D78246BBF}.Release|x86.ActiveCfg = Release|Any CPU
		{B96BD92B-A502-4DA3-AE2D-C70D78246BBF}.Release|x86.Build.0 = Release|Any CPU
	EndGlobalSection
	GlobalSection(SolutionProperties) = preSolution
		HideSolutionNode = FALSE
	EndGlobalSection
EndGlobal
